{
  "name": "munar-plugin-triggers",
  "version": "2.0.0",
  "lockfileVersion": 1,
  "requires": true,
  "dependencies": {
    "bel": {
      "version": "5.1.7",
      "resolved": "https://registry.npmjs.org/bel/-/bel-5.1.7.tgz",
      "integrity": "sha512-f3aAzoq2ilK3ErDsv47uo2qK9NTKHkguI7j6sJi6ynKS9vPG180QGU8BzHas6xPnIsKj+m7YXlDSm9BmaZHNrg==",
      "requires": {
        "hyperx": "2.4.0",
        "is-electron": "2.1.0",
        "pelo": "0.1.0"
      }
    },
    "escape-string-regexp": {
      "version": "1.0.5",
      "resolved": "https://registry.npmjs.org/escape-string-regexp/-/escape-string-regexp-1.0.5.tgz",
      "integrity": "sha1-G2HAViGQqN/2rjuyzwIAyhMLhtQ="
    },
    "hyperscript-attribute-to-property": {
      "version": "1.0.0",
      "resolved": "https://registry.npmjs.org/hyperscript-attribute-to-property/-/hyperscript-attribute-to-property-1.0.0.tgz",
      "integrity": "sha1-glMI1Ju44pV5I/cxmBvMgRytev8="
    },
    "hyperx": {
      "version": "2.4.0",
      "resolved": "https://registry.npmjs.org/hyperx/-/hyperx-2.4.0.tgz",
      "integrity": "sha512-43jbOQfVkm9U0oAyBZ4Vt2eB0hZWS5EyrOhR3ZbgUrcprutGu9s/C476OVFL3QU1iynKO5s9kZsWrZm19gJKjg==",
      "requires": {
        "hyperscript-attribute-to-property": "1.0.0"
      }
    },
    "ip-regex": {
      "version": "1.0.3",
      "resolved": "https://registry.npmjs.org/ip-regex/-/ip-regex-1.0.3.tgz",
      "integrity": "sha1-3FiQdvZZ9BnCIgOaMzFvHHOH7/0="
    },
    "is-electron": {
      "version": "2.1.0",
      "resolved": "https://registry.npmjs.org/is-electron/-/is-electron-2.1.0.tgz",
      "integrity": "sha512-dkg5xT383+M6zIbbXW/z7n2nz4SFUi2OSyhntnFYkRdtV+HVEfdjEK+5AWisfYgkpe3WYjTIuh7toaKmSfFVWw=="
    },
    "lodash.last": {
      "version": "3.0.0",
      "resolved": "https://registry.npmjs.org/lodash.last/-/lodash.last-3.0.0.tgz",
      "integrity": "sha1-JC9mMRLdTG5jcoxgo8kJ0b2tvUw="
    },
    "lodash.toarray": {
      "version": "4.4.0",
      "resolved": "https://registry.npmjs.org/lodash.toarray/-/lodash.toarray-4.4.0.tgz",
      "integrity": "sha1-JMS/zWsvuji/0FlNsRedjptlZWE="
    },
    "node-emoji": {
      "version": "1.8.1",
      "resolved": "https://registry.npmjs.org/node-emoji/-/node-emoji-1.8.1.tgz",
      "integrity": "sha512-+ktMAh1Jwas+TnGodfCfjUbJKoANqPaJFN0z0iqh41eqD8dvguNzcitVSBSVK1pidz0AqGbLKcoVuVLRVZ/aVg==",
      "requires": {
        "lodash.toarray": "4.4.0"
      }
    },
    "pelo": {
      "version": "0.1.0",
      "resolved": "https://registry.npmjs.org/pelo/-/pelo-0.1.0.tgz",
      "integrity": "sha512-+oVixa69fxS/X+3s1DaSJVQLG/ukHfjK2pHCmpIgjRChp73lnAfbqOYZ0MEo5C5yVkYeUJSoWAcRK0lx0hvOjQ=="
    },
    "random-item": {
      "version": "1.0.0",
      "resolved": "https://registry.npmjs.org/random-item/-/random-item-1.0.0.tgz",
      "integrity": "sha1-Fu4xYmywUMihaGpfD0KmuZoqrxE="
    },
    "tlds": {
      "version": "1.198.0",
      "resolved": "https://registry.npmjs.org/tlds/-/tlds-1.198.0.tgz",
      "integrity": "sha512-0GEOqp8qzaIc84hCjRvYYorwAu63YitMFYU1HXaicGkn4sYz5qjzDW2pxynPc9Kfl0vKfOJP7THMbuQ69CaO5Q=="
    },
    "u-wave-parse-chat-markup": {
      "version": "2.1.0",
      "resolved": "https://registry.npmjs.org/u-wave-parse-chat-markup/-/u-wave-parse-chat-markup-2.1.0.tgz",
      "integrity": "sha512-o4dW9YXZCaaPBJnUltEVoDJdrNZpjp5SfR/Ge2Ns2uFOkSnT9Eip2QXaCP/t2WpYSo7R1WrnVAFPC0uY/MTGRQ==",
      "requires": {
        "escape-string-regexp": "1.0.5",
        "url-regex": "4.1.1"
      }
    },
    "url-regex": {
      "version": "4.1.1",
      "resolved": "https://registry.npmjs.org/url-regex/-/url-regex-4.1.1.tgz",
      "integrity": "sha512-ViSDgDPNKkrQHI81GLCjdDN+Rsk3tAW/uLXlBOJxtcHzWZjta58Z0APXhfXzS89YszsheMnEvXeDXsWUB53wwA==",
      "requires": {
        "ip-regex": "1.0.3",
        "tlds": "1.198.0"
      }
    }
  }
}
