{
  "name": "munar-plugin-triggers",
  "version": "1.1.1",
  "lockfileVersion": 1,
  "dependencies": {
    "bel": {
      "version": "5.0.0",
      "resolved": "https://registry.npmjs.org/bel/-/bel-5.0.0.tgz",
      "integrity": "sha1-p6N8aegteWOjXOI3s8zh5naDyxc="
    },
    "escape-string-regexp": {
      "version": "1.0.5",
      "resolved": "https://registry.npmjs.org/escape-string-regexp/-/escape-string-regexp-1.0.5.tgz",
      "integrity": "sha1-G2HAViGQqN/2rjuyzwIAyhMLhtQ="
    },
    "hyperscript-attribute-to-property": {
      "version": "1.0.0",
      "resolved": "https://registry.npmjs.org/hyperscript-attribute-to-property/-/hyperscript-attribute-to-property-1.0.0.tgz",
      "integrity": "sha1-glMI1Ju44pV5I/cxmBvMgRytev8="
    },
    "hyperx": {
      "version": "2.3.0",
      "resolved": "https://registry.npmjs.org/hyperx/-/hyperx-2.3.0.tgz",
      "integrity": "sha1-cPRz1m1K1VDd0cg+S+JlEna78eI="
    },
    "is-electron": {
      "version": "2.0.0",
      "resolved": "https://registry.npmjs.org/is-electron/-/is-electron-2.0.0.tgz",
      "integrity": "sha1-yC01mWQPffkchOqu52vFZxPGrHk="
    },
    "lodash.last": {
      "version": "3.0.0",
      "resolved": "https://registry.npmjs.org/lodash.last/-/lodash.last-3.0.0.tgz",
      "integrity": "sha1-JC9mMRLdTG5jcoxgo8kJ0b2tvUw="
    },
    "node-emoji": {
      "version": "1.5.1",
      "resolved": "https://registry.npmjs.org/node-emoji/-/node-emoji-1.5.1.tgz",
      "integrity": "sha1-/ZGOQSdpv4xEgFEjgjOECyr/FqE="
    },
    "random-item": {
      "version": "1.0.0",
      "resolved": "https://registry.npmjs.org/random-item/-/random-item-1.0.0.tgz",
      "integrity": "sha1-Fu4xYmywUMihaGpfD0KmuZoqrxE="
    },
    "string.prototype.codepointat": {
      "version": "0.2.0",
      "resolved": "https://registry.npmjs.org/string.prototype.codepointat/-/string.prototype.codepointat-0.2.0.tgz",
      "integrity": "sha1-aybpvTr8qnvjtCabUm3huCAArHg="
    },
    "u-wave-parse-chat-markup": {
      "version": "2.0.4",
      "resolved": "https://registry.npmjs.org/u-wave-parse-chat-markup/-/u-wave-parse-chat-markup-2.0.4.tgz",
      "integrity": "sha1-13QMXxL7/CpB0rptznqTTd/DDqg="
    }
  }
}
