{
  "name": "munar-adapter-plugdj",
  "version": "2.1.1",
  "lockfileVersion": 1,
  "requires": true,
  "dependencies": {
    "async-limiter": {
      "version": "1.0.0",
      "resolved": "https://registry.npmjs.org/async-limiter/-/async-limiter-1.0.0.tgz",
      "integrity": "sha512-jp/uFnooOiO+L211eZOoSyzpOITMXx1rBITauYykG3BRYPu8h0UcxsPNB04RR5vo4Tyz3+ay17tR6JVf9qzYWg=="
    },
    "bluebirdish": {
      "version": "1.1.0",
      "resolved": "https://registry.npmjs.org/bluebirdish/-/bluebirdish-1.1.0.tgz",
      "integrity": "sha512-4k8ZZ7jmYFwJORsrw+2VgBnckyYVNKDsROuGYbHyrNTFmRYT6nLOqpge/RwJU5Qexg9SuD/Wnwy3OmtSRM9ypg=="
    },
    "debug": {
      "version": "3.1.0",
      "resolved": "https://registry.npmjs.org/debug/-/debug-3.1.0.tgz",
      "integrity": "sha512-OX8XqP7/1a9cqkxYw2yXss15f26NKWBpDXQd0/uK/KPqdQhxbPa994hnzjcE2VqQpDslf55723cKPUOGSmMY3g==",
      "requires": {
        "ms": "2.0.0"
      }
    },
    "miniplug": {
      "version": "2.0.2",
      "resolved": "https://registry.npmjs.org/miniplug/-/miniplug-2.0.2.tgz",
      "integrity": "sha512-j0izNqUa9ptE1eAN90fn/uzfdEaH5gLqkBofwdngQkgFRTudzPT9F2N9M4TXGIVyXQReG4nPS7chfmyvpBQaQQ==",
      "requires": {
        "bluebirdish": "^1.1.0",
        "debug": "^3.1.0",
        "node-fetch": "^2.1.2",
        "plug-login": "^2.1.0",
        "plug-socket": "^1.0.0"
      }
    },
    "ms": {
      "version": "2.0.0",
      "resolved": "https://registry.npmjs.org/ms/-/ms-2.0.0.tgz",
      "integrity": "sha1-VgiurfwAvmwpAd9fmGF4jeDVl8g="
    },
    "node-fetch": {
      "version": "2.2.0",
      "resolved": "https://registry.npmjs.org/node-fetch/-/node-fetch-2.2.0.tgz",
      "integrity": "sha512-OayFWziIxiHY8bCUyLX6sTpDH8Jsbp4FfYd1j1f7vZyfgkcOnAyM4oQR16f8a0s7Gl/viMGRey8eScYk4V4EZA=="
    },
    "pify": {
      "version": "3.0.0",
      "resolved": "https://registry.npmjs.org/pify/-/pify-3.0.0.tgz",
      "integrity": "sha1-5aSs0sEB/fPZpNB/DbxNtJ3SgXY="
    },
    "plug-login": {
      "version": "2.1.0",
      "resolved": "https://registry.npmjs.org/plug-login/-/plug-login-2.1.0.tgz",
      "integrity": "sha512-tyF0/vUbYJGfMnbPgXVMcY9tTWPxybDJ7seQyUbENE+cwWboyQTvS/AA7VLepDwenxHzet80eTxFVZXx4BTEzQ==",
      "requires": {
        "node-fetch": "^2.1.2"
      }
    },
    "plug-socket": {
      "version": "1.0.0",
      "resolved": "https://registry.npmjs.org/plug-socket/-/plug-socket-1.0.0.tgz",
      "integrity": "sha512-ttZv8V+qC5g5Vj8V85pjJ9SL229z8MYDnNaFesQrAdbXbx616ujhniGjGQ7wUO32eYcfSTFwkrM1+vkmfLoLNw==",
      "requires": {
        "ws": "^5.0.0"
      }
    },
    "ultron": {
      "version": "1.1.1",
      "resolved": "https://registry.npmjs.org/ultron/-/ultron-1.1.1.tgz",
      "integrity": "sha512-UIEXBNeYmKptWH6z8ZnqTeS8fV74zG0/eRU9VGkpzz+LIJNs8W/zM/L+7ctCkRrgbNnnR0xxw4bKOr0cW0N0Og=="
    },
    "ws": {
      "version": "5.2.2",
      "resolved": "https://registry.npmjs.org/ws/-/ws-5.2.2.tgz",
      "integrity": "sha512-jaHFD6PFv6UgoIVda6qZllptQsMlDEJkTQcybzzXDYM1XO9Y8em691FGMPmM46WGyLU4z9KMgQN+qrux/nhlHA==",
      "requires": {
        "async-limiter": "~1.0.0"
      }
    }
  }
}
