{
  "name": "munar-adapter-discord",
  "version": "0.0.0",
  "lockfileVersion": 1,
  "requires": true,
  "dependencies": {
    "debug": {
      "version": "3.1.0",
      "resolved": "https://registry.npmjs.org/debug/-/debug-3.1.0.tgz",
      "integrity": "sha512-OX8XqP7/1a9cqkxYw2yXss15f26NKWBpDXQd0/uK/KPqdQhxbPa994hnzjcE2VqQpDslf55723cKPUOGSmMY3g==",
      "requires": {
        "ms": "2.0.0"
      }
    },
    "dot-prop": {
      "version": "4.1.1",
      "resolved": "https://registry.npmjs.org/dot-prop/-/dot-prop-4.1.1.tgz",
      "integrity": "sha1-qEk/C3te7sglJbXHWH+n3nyoWcE=",
      "requires": {
        "is-obj": "^1.0.0"
      }
    },
    "eris": {
      "version": "0.8.1",
      "resolved": "https://registry.npmjs.org/eris/-/eris-0.8.1.tgz",
      "integrity": "sha512-W4cGVEf/SzKs2VCUV2VwErU47r5C4ijFrqunmlyiG0ubCvo8NBk9p4M/OFNOLtBw4EPq1zIjyCWTV6Gy9npXhQ==",
      "requires": {
        "opusscript": "^0.0.4",
        "tweetnacl": "^1.0.0",
        "ws": "^3.2.0"
      }
    },
    "is-obj": {
      "version": "1.0.1",
      "resolved": "https://registry.npmjs.org/is-obj/-/is-obj-1.0.1.tgz",
      "integrity": "sha1-PkcprB9f3gJc19g6iW2rn09n2w8="
    },
    "ms": {
      "version": "2.0.0",
      "resolved": "https://registry.npmjs.org/ms/-/ms-2.0.0.tgz",
      "integrity": "sha1-VgiurfwAvmwpAd9fmGF4jeDVl8g="
    },
    "opusscript": {
      "version": "0.0.3",
      "resolved": "https://registry.npmjs.org/opusscript/-/opusscript-0.0.3.tgz",
      "integrity": "sha1-zkZxf8jW+QHFGR5pSFyImgNqhnQ=",
      "optional": true
    },
    "rename-prop": {
      "version": "1.0.0",
      "resolved": "https://registry.npmjs.org/rename-prop/-/rename-prop-1.0.0.tgz",
      "integrity": "sha1-p8CO7JUR3R1/6PRLla0I43dLwuk=",
      "requires": {
        "dot-prop": "^4.0.0"
      }
    },
    "safe-buffer": {
      "version": "5.0.1",
      "resolved": "https://registry.npmjs.org/safe-buffer/-/safe-buffer-5.0.1.tgz",
      "integrity": "sha1-0mPKVGls2KMGtcplUekt5XkY++c="
    },
    "tsml": {
      "version": "1.0.1",
      "resolved": "https://registry.npmjs.org/tsml/-/tsml-1.0.1.tgz",
      "integrity": "sha1-ifghi52eJX9H1/a1bQHFpNLGj8M="
    },
    "tweetnacl": {
      "version": "1.0.0",
      "resolved": "https://registry.npmjs.org/tweetnacl/-/tweetnacl-1.0.0.tgz",
      "integrity": "sha1-cT2LgY2kIGh0C/aDhtBHnmb8ins=",
      "optional": true
    },
    "ultron": {
      "version": "1.1.0",
      "resolved": "https://registry.npmjs.org/ultron/-/ultron-1.1.0.tgz",
      "integrity": "sha1-sHoualQagV/Go0zNRTO67DB8qGQ="
    },
    "ws": {
      "version": "2.3.1",
      "resolved": "https://registry.npmjs.org/ws/-/ws-2.3.1.tgz",
      "integrity": "sha1-a5Sz5EfLajY/eF6vlK9jWejoHIA=",
      "requires": {
        "safe-buffer": "~5.0.1",
        "ultron": "~1.1.0"
      }
    }
  }
}
