{
  "name": "munar-helper-booth-lockskip",
  "version": "2.0.0",
  "lockfileVersion": 1,
  "requires": true,
  "dependencies": {
    "delay": {
      "version": "2.0.0",
      "resolved": "https://registry.npmjs.org/delay/-/delay-2.0.0.tgz",
      "integrity": "sha1-kRLq3APk7H4AKXM3iW8nO72R+uU=",
      "requires": {
        "p-defer": "1.0.0"
      }
    },
    "p-defer": {
      "version": "1.0.0",
      "resolved": "https://registry.npmjs.org/p-defer/-/p-defer-1.0.0.tgz",
      "integrity": "sha1-n26xgvbJqozXQwBKfU+WsZaw+ww="
    }
  }
}
